<?xml version="1.0" encoding="utf-8"?>
<!--
xmake version 3.0.4+HEAD.347e268f3

  This file is auto generated by xmake.

  Please DO NOT EDIT since all your modification will lost after re-generation.
  See https://github.com/xmake-io/xmake/pull/472 for more infomation.
-->
<Project ToolsVersion="4.0" xmlns="http://schemas.microsoft.com/developer/msbuild/2003">
  <ItemGroup>
    <Filter Include="Properties">
      <UniqueIdentifier>{CC7C6180-942D-056E-3227-E6A2B3FB19CD}</UniqueIdentifier>
    </Filter>
    <Filter Include="include">
      <UniqueIdentifier>{04CCF0D3-2EF0-416E-960B-AE7879D46B6B}</UniqueIdentifier>
    </Filter>
    <Filter Include="src">
      <UniqueIdentifier>{491FBF00-292E-479F-8C8F-7A2AC045023A}</UniqueIdentifier>
    </Filter>

  </ItemGroup>
  <ItemGroup>
    <None Include="$(MSBuildProjectDirectory)\Xmake.Custom.props">
      <Filter>Properties</Filter>
    </None>
    <None Include="$(MSBuildProjectDirectory)\Xmake.Custom.targets">
      <Filter>Properties</Filter>
    </None>
    <None Include="$(MSBuildProjectDirectory)\Xmake.Custom.items">
      <Filter>Properties</Filter>
    </None>
    <None Include="$(MSBuildProjectDirectory)\Xmake.Custom.items.filters">
      <Filter>Properties</Filter>
    </None>
    <None Include="$(XmakeScriptDir)\xmake.lua">
      <Filter>Properties</Filter>
    </None>
  </ItemGroup>
  <ItemGroup>
    <ClInclude Include="$(XmakeProjectDir)\include\AGun.h">
      <Filter>include</Filter>
    </ClInclude>
    <ClInclude Include="$(XmakeProjectDir)\include\DrawRegistry.h">
      <Filter>include</Filter>
    </ClInclude>
    <ClInclude Include="$(XmakeProjectDir)\include\Enemy.h">
      <Filter>include</Filter>
    </ClInclude>
    <ClInclude Include="$(XmakeProjectDir)\include\EnemyPool.h">
      <Filter>include</Filter>
    </ClInclude>
    <ClInclude Include="$(XmakeProjectDir)\include\FMath.h">
      <Filter>include</Filter>
    </ClInclude>
    <ClInclude Include="$(XmakeProjectDir)\include\Game.h">
      <Filter>include</Filter>
    </ClInclude>
    <ClInclude Include="$(XmakeProjectDir)\include\InputManager.h">
      <Filter>include</Filter>
    </ClInclude>
    <ClInclude Include="$(XmakeProjectDir)\include\Projectile.h">
      <Filter>include</Filter>
    </ClInclude>
    <ClInclude Include="$(XmakeProjectDir)\include\ProjectilePool.h">
      <Filter>include</Filter>
    </ClInclude>
    <ClInclude Include="$(XmakeProjectDir)\include\Score.h">
      <Filter>include</Filter>
    </ClInclude>
    <ClInclude Include="$(XmakeProjectDir)\include\Ship.h">
      <Filter>include</Filter>
    </ClInclude>
    <ClInclude Include="$(XmakeProjectDir)\include\Sprite.h">
      <Filter>include</Filter>
    </ClInclude>
    <ClInclude Include="$(XmakeProjectDir)\include\Texture.h">
      <Filter>include</Filter>
    </ClInclude>
    <ClInclude Include="$(XmakeProjectDir)\include\UpdateRegistry.h">
      <Filter>include</Filter>
    </ClInclude>
    <ClInclude Include="$(XmakeProjectDir)\include\Window.h">
      <Filter>include</Filter>
    </ClInclude>


  </ItemGroup>
  <ItemGroup>

    <ClCompile Include="$(XmakeProjectDir)\src\AGun.cpp">
      <Filter>src</Filter>
    </ClCompile>
    <ClCompile Include="$(XmakeProjectDir)\src\DrawRegistry.cpp">
      <Filter>src</Filter>
    </ClCompile>
    <ClCompile Include="$(XmakeProjectDir)\src\Enemy.cpp">
      <Filter>src</Filter>
    </ClCompile>
    <ClCompile Include="$(XmakeProjectDir)\src\EnemyPool.cpp">
      <Filter>src</Filter>
    </ClCompile>
    <ClCompile Include="$(XmakeProjectDir)\src\Game.cpp">
      <Filter>src</Filter>
    </ClCompile>
    <ClCompile Include="$(XmakeProjectDir)\src\InputManager.cpp">
      <Filter>src</Filter>
    </ClCompile>
    <ClCompile Include="$(XmakeProjectDir)\src\Projectile.cpp">
      <Filter>src</Filter>
    </ClCompile>
    <ClCompile Include="$(XmakeProjectDir)\src\ProjectilePool.cpp">
      <Filter>src</Filter>
    </ClCompile>
    <ClCompile Include="$(XmakeProjectDir)\src\Score.cpp">
      <Filter>src</Filter>
    </ClCompile>
    <ClCompile Include="$(XmakeProjectDir)\src\Ship.cpp">
      <Filter>src</Filter>
    </ClCompile>
    <ClCompile Include="$(XmakeProjectDir)\src\Sprite.cpp">
      <Filter>src</Filter>
    </ClCompile>
    <ClCompile Include="$(XmakeProjectDir)\src\Texture.cpp">
      <Filter>src</Filter>
    </ClCompile>
    <ClCompile Include="$(XmakeProjectDir)\src\UpdateRegistry.cpp">
      <Filter>src</Filter>
    </ClCompile>
    <ClCompile Include="$(XmakeProjectDir)\src\Window.cpp">
      <Filter>src</Filter>
    </ClCompile>
    <ClCompile Include="$(XmakeProjectDir)\src\main.cpp">
      <Filter>src</Filter>
    </ClCompile>



  </ItemGroup>
  <ItemGroup>

  </ItemGroup>
  <ItemGroup>




  </ItemGroup>
  <Import Condition="Exists('$(MSBuildThisFileDirectory)\Xmake.Custom.files.filters')"
    Project="$(MSBuildThisFileDirectory)\Xmake.Custom.files.filters" />
</Project>
